
Microsoft Visual Studio Solution File, Format Version 12.00
# Visual Studio Version 16
VisualStudioVersion = 16.0.29905.134
MinimumVisualStudioVersion = 10.0.40219.1
Project("{FAE04EC0-301F-11D3-BF4B-00C04F79EFBC}") = "WintabDN", "WintabDN\WintabDN.csproj", "{73EAE30A-60B9-43A5-AD81-9B05873E405C}"
EndProject
Project("{FAE04EC0-301F-11D3-BF4B-00C04F79EFBC}") = "PenTestApp", "PenTestApp\PenTestApp.csproj", "{5AE511E2-A64D-4B06-BC5C-9C7B5B4CF84D}"
EndProject
Project("{FAE04EC0-301F-11D3-BF4B-00C04F79EFBC}") = "ExtensionTestApp", "ExtensionTestApp\ExtensionTestApp.csproj", "{623A9388-5381-46EC-A55E-229F1F1C2E0C}"
EndProject
Global
	GlobalSection(SolutionConfigurationPlatforms) = preSolution
		Debug|Any CPU = Debug|Any CPU
		Debug|Mixed Platforms = Debug|Mixed Platforms
		Debug|x64 = Debug|x64
		Debug|x86 = Debug|x86
		Release|Any CPU = Release|Any CPU
		Release|Mixed Platforms = Release|Mixed Platforms
		Release|x64 = Release|x64
		Release|x86 = Release|x86
	EndGlobalSection
	GlobalSection(ProjectConfigurationPlatforms) = postSolution
		{73EAE30A-60B9-43A5-AD81-9B05873E405C}.Debug|Any CPU.ActiveCfg = Debug|Any CPU
		{73EAE30A-60B9-43A5-AD81-9B05873E405C}.Debug|Any CPU.Build.0 = Debug|Any CPU
		{73EAE30A-60B9-43A5-AD81-9B05873E405C}.Debug|Mixed Platforms.ActiveCfg = Debug|Any CPU
		{73EAE30A-60B9-43A5-AD81-9B05873E405C}.Debug|Mixed Platforms.Build.0 = Debug|Any CPU
		{73EAE30A-60B9-43A5-AD81-9B05873E405C}.Debug|x64.ActiveCfg = Debug|Any CPU
		{73EAE30A-60B9-43A5-AD81-9B05873E405C}.Debug|x64.Build.0 = Debug|Any CPU
		{73EAE30A-60B9-43A5-AD81-9B05873E405C}.Debug|x86.ActiveCfg = Debug|Any CPU
		{73EAE30A-60B9-43A5-AD81-9B05873E405C}.Release|Any CPU.ActiveCfg = Release|Any CPU
		{73EAE30A-60B9-43A5-AD81-9B05873E405C}.Release|Any CPU.Build.0 = Release|Any CPU
		{73EAE30A-60B9-43A5-AD81-9B05873E405C}.Release|Mixed Platforms.ActiveCfg = Release|Any CPU
		{73EAE30A-60B9-43A5-AD81-9B05873E405C}.Release|Mixed Platforms.Build.0 = Release|Any CPU
		{73EAE30A-60B9-43A5-AD81-9B05873E405C}.Release|x64.ActiveCfg = Release|Any CPU
		{73EAE30A-60B9-43A5-AD81-9B05873E405C}.Release|x64.Build.0 = Release|Any CPU
		{73EAE30A-60B9-43A5-AD81-9B05873E405C}.Release|x86.ActiveCfg = Release|Any CPU
		{5AE511E2-A64D-4B06-BC5C-9C7B5B4CF84D}.Debug|Any CPU.ActiveCfg = Debug|x86
		{5AE511E2-A64D-4B06-BC5C-9C7B5B4CF84D}.Debug|Mixed Platforms.ActiveCfg = Debug|x86
		{5AE511E2-A64D-4B06-BC5C-9C7B5B4CF84D}.Debug|Mixed Platforms.Build.0 = Debug|x86
		{5AE511E2-A64D-4B06-BC5C-9C7B5B4CF84D}.Debug|x64.ActiveCfg = Debug|x64
		{5AE511E2-A64D-4B06-BC5C-9C7B5B4CF84D}.Debug|x64.Build.0 = Debug|x64
		{5AE511E2-A64D-4B06-BC5C-9C7B5B4CF84D}.Debug|x86.ActiveCfg = Debug|x86
		{5AE511E2-A64D-4B06-BC5C-9C7B5B4CF84D}.Debug|x86.Build.0 = Debug|x86
		{5AE511E2-A64D-4B06-BC5C-9C7B5B4CF84D}.Release|Any CPU.ActiveCfg = Release|x86
		{5AE511E2-A64D-4B06-BC5C-9C7B5B4CF84D}.Release|Mixed Platforms.ActiveCfg = Release|x86
		{5AE511E2-A64D-4B06-BC5C-9C7B5B4CF84D}.Release|Mixed Platforms.Build.0 = Release|x86
		{5AE511E2-A64D-4B06-BC5C-9C7B5B4CF84D}.Release|x64.ActiveCfg = Release|x64
		{5AE511E2-A64D-4B06-BC5C-9C7B5B4CF84D}.Release|x64.Build.0 = Release|x64
		{5AE511E2-A64D-4B06-BC5C-9C7B5B4CF84D}.Release|x86.ActiveCfg = Release|x86
		{5AE511E2-A64D-4B06-BC5C-9C7B5B4CF84D}.Release|x86.Build.0 = Release|x86
		{623A9388-5381-46EC-A55E-229F1F1C2E0C}.Debug|Any CPU.ActiveCfg = Debug|x86
		{623A9388-5381-46EC-A55E-229F1F1C2E0C}.Debug|Mixed Platforms.ActiveCfg = Debug|x86
		{623A9388-5381-46EC-A55E-229F1F1C2E0C}.Debug|Mixed Platforms.Build.0 = Debug|x86
		{623A9388-5381-46EC-A55E-229F1F1C2E0C}.Debug|x64.ActiveCfg = Debug|x64
		{623A9388-5381-46EC-A55E-229F1F1C2E0C}.Debug|x86.ActiveCfg = Debug|x86
		{623A9388-5381-46EC-A55E-229F1F1C2E0C}.Debug|x86.Build.0 = Debug|x86
		{623A9388-5381-46EC-A55E-229F1F1C2E0C}.Release|Any CPU.ActiveCfg = Release|x86
		{623A9388-5381-46EC-A55E-229F1F1C2E0C}.Release|Mixed Platforms.ActiveCfg = Release|x86
		{623A9388-5381-46EC-A55E-229F1F1C2E0C}.Release|Mixed Platforms.Build.0 = Release|x86
		{623A9388-5381-46EC-A55E-229F1F1C2E0C}.Release|x64.ActiveCfg = Release|x64
		{623A9388-5381-46EC-A55E-229F1F1C2E0C}.Release|x64.Build.0 = Release|x64
		{623A9388-5381-46EC-A55E-229F1F1C2E0C}.Release|x86.ActiveCfg = Release|x86
		{623A9388-5381-46EC-A55E-229F1F1C2E0C}.Release|x86.Build.0 = Release|x86
	EndGlobalSection
	GlobalSection(SolutionProperties) = preSolution
		HideSolutionNode = FALSE
	EndGlobalSection
	GlobalSection(ExtensibilityGlobals) = postSolution
		SolutionGuid = {D835C752-0612-44CA-AAC7-B8E5E58D21C0}
	EndGlobalSection
EndGlobal
